
Microsoft Visual Studio Solution File, Format Version 12.00
# Visual Studio Version 16
VisualStudioVersion = 16.0.29920.165
MinimumVisualStudioVersion = 10.0.40219.1
Project("{9A19103F-16F7-4668-BE54-9A1E7A4F7556}") = "Algorithm", "Algorithm.csproj", "{BF0B4E35-E71B-42F1-976B-A75680A770B6}"
EndProject
Project("{FAE04EC0-301F-11D3-BF4B-00C04F79EFBC}") = "UnitTest", "..\UnitTest\UnitTest.csproj", "{C218FFD4-EF9C-4FD6-90A5-E16DE6402B4B}"
EndProject
Global
	GlobalSection(SolutionConfigurationPlatforms) = preSolution
		Debug|Any CPU = Debug|Any CPU
		Release|Any CPU = Release|Any CPU
	EndGlobalSection
	GlobalSection(ProjectConfigurationPlatforms) = postSolution
		{BF0B4E35-E71B-42F1-976B-A75680A770B6}.Debug|Any CPU.ActiveCfg = Debug|Any CPU
		{BF0B4E35-E71B-42F1-976B-A75680A770B6}.Debug|Any CPU.Build.0 = Debug|Any CPU
		{BF0B4E35-E71B-42F1-976B-A75680A770B6}.Release|Any CPU.ActiveCfg = Release|Any CPU
		{BF0B4E35-E71B-42F1-976B-A75680A770B6}.Release|Any CPU.Build.0 = Release|Any CPU
		{C218FFD4-EF9C-4FD6-90A5-E16DE6402B4B}.Debug|Any CPU.ActiveCfg = Debug|Any CPU
		{C218FFD4-EF9C-4FD6-90A5-E16DE6402B4B}.Debug|Any CPU.Build.0 = Debug|Any CPU
		{C218FFD4-EF9C-4FD6-90A5-E16DE6402B4B}.Release|Any CPU.ActiveCfg = Release|Any CPU
		{C218FFD4-EF9C-4FD6-90A5-E16DE6402B4B}.Release|Any CPU.Build.0 = Release|Any CPU
	EndGlobalSection
	GlobalSection(SolutionProperties) = preSolution
		HideSolutionNode = FALSE
	EndGlobalSection
	GlobalSection(ExtensibilityGlobals) = postSolution
		SolutionGuid = {D1BE9730-63EB-4EFA-82F8-DE0D6EB68414}
	EndGlobalSection
EndGlobal
